
Microsoft Visual Studio Solution File, Format Version 12.00
# Visual Studio 15
VisualStudioVersion = 15.0.26124.0
MinimumVisualStudioVersion = 15.0.26124.0
Project("{2150E333-8FDC-42A3-9474-1A3956D46DE8}") = "src", "src", "{69325F3C-76C1-4039-A5DA-F14802FF539D}"
EndProject
Project("{2150E333-8FDC-42A3-9474-1A3956D46DE8}") = "test", "test", "{FB9C4109-C783-46E6-B633-263547246C13}"
EndProject
Project("{FAE04EC0-301F-11D3-BF4B-00C04F79EFBC}") = "Sample", "test\Sample\Sample.csproj", "{E6F03E85-AF3F-4792-B65B-26D70F6F2A95}"
EndProject
Project("{FAE04EC0-301F-11D3-BF4B-00C04F79EFBC}") = "Orleans.Faster.Tests", "test\Orleans.Faster.Tests\Orleans.Faster.Tests.csproj", "{947CC51B-A2E2-4207-9BFB-EDA20F997E2D}"
EndProject
Project("{FAE04EC0-301F-11D3-BF4B-00C04F79EFBC}") = "Orleans.Persistence.Faster", "src\Orleans.Persistence.Faster\Orleans.Persistence.Faster.csproj", "{328E52C6-CCBB-4F54-8ECF-3449FCA22224}"
EndProject
Global
	GlobalSection(SolutionConfigurationPlatforms) = preSolution
		Debug|Any CPU = Debug|Any CPU
		Debug|x64 = Debug|x64
		Debug|x86 = Debug|x86
		Release|Any CPU = Release|Any CPU
		Release|x64 = Release|x64
		Release|x86 = Release|x86
	EndGlobalSection
	GlobalSection(SolutionProperties) = preSolution
		HideSolutionNode = FALSE
	EndGlobalSection
	GlobalSection(ProjectConfigurationPlatforms) = postSolution
		{E6F03E85-AF3F-4792-B65B-26D70F6F2A95}.Debug|Any CPU.ActiveCfg = Debug|Any CPU
		{E6F03E85-AF3F-4792-B65B-26D70F6F2A95}.Debug|Any CPU.Build.0 = Debug|Any CPU
		{E6F03E85-AF3F-4792-B65B-26D70F6F2A95}.Debug|x64.ActiveCfg = Debug|Any CPU
		{E6F03E85-AF3F-4792-B65B-26D70F6F2A95}.Debug|x64.Build.0 = Debug|Any CPU
		{E6F03E85-AF3F-4792-B65B-26D70F6F2A95}.Debug|x86.ActiveCfg = Debug|Any CPU
		{E6F03E85-AF3F-4792-B65B-26D70F6F2A95}.Debug|x86.Build.0 = Debug|Any CPU
		{E6F03E85-AF3F-4792-B65B-26D70F6F2A95}.Release|Any CPU.ActiveCfg = Release|Any CPU
		{E6F03E85-AF3F-4792-B65B-26D70F6F2A95}.Release|Any CPU.Build.0 = Release|Any CPU
		{E6F03E85-AF3F-4792-B65B-26D70F6F2A95}.Release|x64.ActiveCfg = Release|Any CPU
		{E6F03E85-AF3F-4792-B65B-26D70F6F2A95}.Release|x64.Build.0 = Release|Any CPU
		{E6F03E85-AF3F-4792-B65B-26D70F6F2A95}.Release|x86.ActiveCfg = Release|Any CPU
		{E6F03E85-AF3F-4792-B65B-26D70F6F2A95}.Release|x86.Build.0 = Release|Any CPU
		{947CC51B-A2E2-4207-9BFB-EDA20F997E2D}.Debug|Any CPU.ActiveCfg = Debug|Any CPU
		{947CC51B-A2E2-4207-9BFB-EDA20F997E2D}.Debug|Any CPU.Build.0 = Debug|Any CPU
		{947CC51B-A2E2-4207-9BFB-EDA20F997E2D}.Debug|x64.ActiveCfg = Debug|Any CPU
		{947CC51B-A2E2-4207-9BFB-EDA20F997E2D}.Debug|x64.Build.0 = Debug|Any CPU
		{947CC51B-A2E2-4207-9BFB-EDA20F997E2D}.Debug|x86.ActiveCfg = Debug|Any CPU
		{947CC51B-A2E2-4207-9BFB-EDA20F997E2D}.Debug|x86.Build.0 = Debug|Any CPU
		{947CC51B-A2E2-4207-9BFB-EDA20F997E2D}.Release|Any CPU.ActiveCfg = Release|Any CPU
		{947CC51B-A2E2-4207-9BFB-EDA20F997E2D}.Release|Any CPU.Build.0 = Release|Any CPU
		{947CC51B-A2E2-4207-9BFB-EDA20F997E2D}.Release|x64.ActiveCfg = Release|Any CPU
		{947CC51B-A2E2-4207-9BFB-EDA20F997E2D}.Release|x64.Build.0 = Release|Any CPU
		{947CC51B-A2E2-4207-9BFB-EDA20F997E2D}.Release|x86.ActiveCfg = Release|Any CPU
		{947CC51B-A2E2-4207-9BFB-EDA20F997E2D}.Release|x86.Build.0 = Release|Any CPU
		{328E52C6-CCBB-4F54-8ECF-3449FCA22224}.Debug|Any CPU.ActiveCfg = Debug|Any CPU
		{328E52C6-CCBB-4F54-8ECF-3449FCA22224}.Debug|Any CPU.Build.0 = Debug|Any CPU
		{328E52C6-CCBB-4F54-8ECF-3449FCA22224}.Debug|x64.ActiveCfg = Debug|Any CPU
		{328E52C6-CCBB-4F54-8ECF-3449FCA22224}.Debug|x64.Build.0 = Debug|Any CPU
		{328E52C6-CCBB-4F54-8ECF-3449FCA22224}.Debug|x86.ActiveCfg = Debug|Any CPU
		{328E52C6-CCBB-4F54-8ECF-3449FCA22224}.Debug|x86.Build.0 = Debug|Any CPU
		{328E52C6-CCBB-4F54-8ECF-3449FCA22224}.Release|Any CPU.ActiveCfg = Release|Any CPU
		{328E52C6-CCBB-4F54-8ECF-3449FCA22224}.Release|Any CPU.Build.0 = Release|Any CPU
		{328E52C6-CCBB-4F54-8ECF-3449FCA22224}.Release|x64.ActiveCfg = Release|Any CPU
		{328E52C6-CCBB-4F54-8ECF-3449FCA22224}.Release|x64.Build.0 = Release|Any CPU
		{328E52C6-CCBB-4F54-8ECF-3449FCA22224}.Release|x86.ActiveCfg = Release|Any CPU
		{328E52C6-CCBB-4F54-8ECF-3449FCA22224}.Release|x86.Build.0 = Release|Any CPU
	EndGlobalSection
	GlobalSection(NestedProjects) = preSolution
		{E6F03E85-AF3F-4792-B65B-26D70F6F2A95} = {FB9C4109-C783-46E6-B633-263547246C13}
		{947CC51B-A2E2-4207-9BFB-EDA20F997E2D} = {FB9C4109-C783-46E6-B633-263547246C13}
		{328E52C6-CCBB-4F54-8ECF-3449FCA22224} = {69325F3C-76C1-4039-A5DA-F14802FF539D}
	EndGlobalSection
EndGlobal
